
Microsoft Visual Studio Solution File, Format Version 12.00
# Visual Studio 15
VisualStudioVersion = 15.0.28010.2019
MinimumVisualStudioVersion = 10.0.40219.1
Project("{FAE04EC0-301F-11D3-BF4B-00C04F79EFBC}") = "ReactReduxTodo", "ReactReduxTodo\ReactReduxTodo.csproj", "{331714CF-8ABD-4134-9537-33529801DB9A}"
EndProject
Global
	GlobalSection(SolutionConfigurationPlatforms) = preSolution
		Debug|Any CPU = Debug|Any CPU
		Release|Any CPU = Release|Any CPU
	EndGlobalSection
	GlobalSection(ProjectConfigurationPlatforms) = postSolution
		{331714CF-8ABD-4134-9537-33529801DB9A}.Debug|Any CPU.ActiveCfg = Debug|Any CPU
		{331714CF-8ABD-4134-9537-33529801DB9A}.Debug|Any CPU.Build.0 = Debug|Any CPU
		{331714CF-8ABD-4134-9537-33529801DB9A}.Release|Any CPU.ActiveCfg = Release|Any CPU
		{331714CF-8ABD-4134-9537-33529801DB9A}.Release|Any CPU.Build.0 = Release|Any CPU
	EndGlobalSection
	GlobalSection(SolutionProperties) = preSolution
		HideSolutionNode = FALSE
	EndGlobalSection
	GlobalSection(ExtensibilityGlobals) = postSolution
		SolutionGuid = {C1456AD3-90CC-4790-80F1-F4C3FCD708AC}
	EndGlobalSection
EndGlobal
